
Microsoft Visual Studio Solution File, Format Version 12.00
# Visual Studio Version 17
VisualStudioVersion = 17.5.33516.290
MinimumVisualStudioVersion = 10.0.40219.1
Project("{FAE04EC0-301F-11D3-BF4B-00C04F79EFBC}") = "CourseComparison", "CourseComparison\CourseComparison.csproj", "{B3957EDC-F0D8-485F-A0A5-9F34CC8D81D3}"
EndProject
Global
	GlobalSection(SolutionConfigurationPlatforms) = preSolution
		Debug|Any CPU = Debug|Any CPU
		Release|Any CPU = Release|Any CPU
	EndGlobalSection
	GlobalSection(ProjectConfigurationPlatforms) = postSolution
		{B3957EDC-F0D8-485F-A0A5-9F34CC8D81D3}.Debug|Any CPU.ActiveCfg = Debug|Any CPU
		{B3957EDC-F0D8-485F-A0A5-9F34CC8D81D3}.Debug|Any CPU.Build.0 = Debug|Any CPU
		{B3957EDC-F0D8-485F-A0A5-9F34CC8D81D3}.Release|Any CPU.ActiveCfg = Release|Any CPU
		{B3957EDC-F0D8-485F-A0A5-9F34CC8D81D3}.Release|Any CPU.Build.0 = Release|Any CPU
	EndGlobalSection
	GlobalSection(SolutionProperties) = preSolution
		HideSolutionNode = FALSE
	EndGlobalSection
	GlobalSection(ExtensibilityGlobals) = postSolution
		SolutionGuid = {31CBC3AB-74BF-4848-A573-DCC8841B0017}
	EndGlobalSection
EndGlobal
